<?xml version="1.0" encoding="utf-8"?>
<Project ToolsVersion="4.0" xmlns="http://schemas.microsoft.com/developer/msbuild/2003">
  <ItemGroup>
    <Filter Include="External">
      <UniqueIdentifier>{67DA6AB6-F800-4c08-8B7A-83BB121AAD01}</UniqueIdentifier>
      <Extensions>rc;ico;cur;bmp;dlg;rc2;rct;bin;rgs;gif;jpg;jpeg;jpe;resx;tiff;tif;png;wav;mfcribbon-ms</Extensions>
    </Filter>
    <Filter Include="Source">
      <UniqueIdentifier>{4FC737F1-C7A5-4376-A066-2A32D752A2FF}</UniqueIdentifier>
      <Extensions>cpp;c;cc;cxx;def;odl;idl;hpj;bat;asm;asmx</Extensions>
    </Filter>
    <Filter Include="HLSL">
      <UniqueIdentifier>{9f64f4ff-d9e0-43d7-88e1-13e6d3656a89}</UniqueIdentifier>
      <Extensions>hlsl;hlsli</Extensions>
    </Filter>
    <Filter Include="External\imgui">
      <UniqueIdentifier>{c85446c9-90d2-4441-add5-5aac511d95ce}</UniqueIdentifier>
    </Filter>
    <Filter Include="External\DirectXTex">
      <UniqueIdentifier>{8dd0c8ba-1f1c-4648-8a04-c28bb5a1c75a}</UniqueIdentifier>
    </Filter>
    <Filter Include="Source\Input">
      <UniqueIdentifier>{1922815d-5a70-4f38-9fbd-fb6e72c44df0}</UniqueIdentifier>
    </Filter>
    <Filter Include="Source\Graphics">
      <UniqueIdentifier>{2ac7cb79-cb10-43d1-856f-e51f0f698e73}</UniqueIdentifier>
    </Filter>
    <Filter Include="Source\Audio">
      <UniqueIdentifier>{38bac15b-b199-4699-8829-92ad0209ebe8}</UniqueIdentifier>
    </Filter>
    <Filter Include="Source\Character">
      <UniqueIdentifier>{08178d46-b4c9-4424-9125-ba48a51eb3d8}</UniqueIdentifier>
    </Filter>
    <Filter Include="Source\Character\Projectile">
      <UniqueIdentifier>{6d5793d9-9efe-43a2-9930-0d8a691d92a9}</UniqueIdentifier>
    </Filter>
    <Filter Include="Source\Character\Enemy">
      <UniqueIdentifier>{4b218046-ad60-4ed2-b3c5-65e82d5c0b48}</UniqueIdentifier>
    </Filter>
    <Filter Include="Source\Character\Player">
      <UniqueIdentifier>{3676f881-b314-4aa1-bca0-c30b79b2eca4}</UniqueIdentifier>
    </Filter>
    <Filter Include="Source\Scene">
      <UniqueIdentifier>{f2d15dac-99e2-4f46-8238-033ce05fdeb6}</UniqueIdentifier>
    </Filter>
    <Filter Include="Source\System">
      <UniqueIdentifier>{e47feed9-c7ee-4e4e-b98b-3984beb814c4}</UniqueIdentifier>
    </Filter>
    <Filter Include="Source\Stage">
      <UniqueIdentifier>{b9be5d4a-3f6b-4dab-9dc7-a8fb507f5fee}</UniqueIdentifier>
    </Filter>
    <Filter Include="Source\Item">
      <UniqueIdentifier>{60933ad7-149b-4c3c-8ca4-79ae8a35608d}</UniqueIdentifier>
    </Filter>
    <Filter Include="Source\System\Camera">
      <UniqueIdentifier>{c462a1ed-4c2f-4412-99b3-16c2345dd0b6}</UniqueIdentifier>
    </Filter>
    <Filter Include="Source\System\Effect">
      <UniqueIdentifier>{87c84ce9-4289-40bc-824d-9651683c7f53}</UniqueIdentifier>
    </Filter>
    <Filter Include="Source\System\Light">
      <UniqueIdentifier>{ff6cea4a-96cd-431a-a3c6-9a2382c49814}</UniqueIdentifier>
    </Filter>
    <Filter Include="Source\System\Other">
      <UniqueIdentifier>{d4ab5486-28fd-4b8d-9e38-df543c6e3837}</UniqueIdentifier>
    </Filter>
    <Filter Include="Source\Event">
      <UniqueIdentifier>{faa157b4-35b5-455c-a297-8b7bbdbc7fab}</UniqueIdentifier>
    </Filter>
    <Filter Include="Source\Character\Enemy\Gun">
      <UniqueIdentifier>{aa21b241-8f47-4606-8a28-81740e51dfe7}</UniqueIdentifier>
    </Filter>
    <Filter Include="Source\Other">
      <UniqueIdentifier>{8ea58896-c559-4fdd-a2a7-a249bdbeb056}</UniqueIdentifier>
    </Filter>
  </ItemGroup>
  <ItemGroup>
    <ClInclude Include="External\imgui\imconfig.h">
      <Filter>External\imgui</Filter>
    </ClInclude>
    <ClInclude Include="External\imgui\imgui.h">
      <Filter>External\imgui</Filter>
    </ClInclude>
    <ClInclude Include="External\imgui\imgui_internal.h">
      <Filter>External\imgui</Filter>
    </ClInclude>
    <ClInclude Include="External\imgui\imstb_rectpack.h">
      <Filter>External\imgui</Filter>
    </ClInclude>
    <ClInclude Include="External\imgui\imstb_textedit.h">
      <Filter>External\imgui</Filter>
    </ClInclude>
    <ClInclude Include="External\imgui\imstb_truetype.h">
      <Filter>External\imgui</Filter>
    </ClInclude>
    <ClInclude Include="External\DirectXTex\WICTextureLoader.h">
      <Filter>External\DirectXTex</Filter>
    </ClInclude>
    <ClInclude Include="Source\Input\GamePad.h">
      <Filter>Source\Input</Filter>
    </ClInclude>
    <ClInclude Include="Source\Graphics\DebugRenderer.h">
      <Filter>Source\Graphics</Filter>
    </ClInclude>
    <ClInclude Include="Source\Graphics\Graphics.h">
      <Filter>Source\Graphics</Filter>
    </ClInclude>
    <ClInclude Include="Source\Graphics\ImGuiRenderer.h">
      <Filter>Source\Graphics</Filter>
    </ClInclude>
    <ClInclude Include="Source\Graphics\DefaultModelShader.h">
      <Filter>Source\Graphics</Filter>
    </ClInclude>
    <ClInclude Include="Source\Graphics\Model.h">
      <Filter>Source\Graphics</Filter>
    </ClInclude>
    <ClInclude Include="Source\Graphics\ModelResource.h">
      <Filter>Source\Graphics</Filter>
    </ClInclude>
    <ClInclude Include="Source\Graphics\Shader.h">
      <Filter>Source\Graphics</Filter>
    </ClInclude>
    <ClInclude Include="Source\Input\Input.h">
      <Filter>Source\Input</Filter>
    </ClInclude>
    <ClInclude Include="Source\Graphics\RenderContext.h">
      <Filter>Source\Graphics</Filter>
    </ClInclude>
    <ClInclude Include="Source\Graphics\LineRenderer.h">
      <Filter>Source\Graphics</Filter>
    </ClInclude>
    <ClInclude Include="Source\Graphics\Sprite.h">
      <Filter>Source\Graphics</Filter>
    </ClInclude>
    <ClInclude Include="Source\Input\Mouse.h">
      <Filter>Source\Input</Filter>
    </ClInclude>
    <ClInclude Include="Source\Graphics\Texture.h">
      <Filter>Source\Graphics</Filter>
    </ClInclude>
    <ClInclude Include="Source\Graphics\DefaultSpriteShader.h">
      <Filter>Source\Graphics</Filter>
    </ClInclude>
    <ClInclude Include="Source\Graphics\ToonShader.h">
      <Filter>Source\Graphics</Filter>
    </ClInclude>
    <ClInclude Include="Source\Graphics\ColorGradingShader.h">
      <Filter>Source\Graphics</Filter>
    </ClInclude>
    <ClInclude Include="Source\Graphics\RenderTarget.h">
      <Filter>Source\Graphics</Filter>
    </ClInclude>
    <ClInclude Include="Source\Graphics\FinalpassShader.h">
      <Filter>Source\Graphics</Filter>
    </ClInclude>
    <ClInclude Include="Source\Graphics\ShadowmapCasterShader.h">
      <Filter>Source\Graphics</Filter>
    </ClInclude>
    <ClInclude Include="Source\Graphics\DepthStencil.h">
      <Filter>Source\Graphics</Filter>
    </ClInclude>
    <ClInclude Include="Source\Audio\Audio.h">
      <Filter>Source\Audio</Filter>
    </ClInclude>
    <ClInclude Include="Source\Audio\AudioResource.h">
      <Filter>Source\Audio</Filter>
    </ClInclude>
    <ClInclude Include="Source\Audio\AudioSource.h">
      <Filter>Source\Audio</Filter>
    </ClInclude>
    <ClInclude Include="Source\Character.h">
      <Filter>Source\Character</Filter>
    </ClInclude>
    <ClInclude Include="Source\ProjectileStraite.h">
      <Filter>Source\Character\Projectile</Filter>
    </ClInclude>
    <ClInclude Include="Source\ProjectileManager.h">
      <Filter>Source\Character\Projectile</Filter>
    </ClInclude>
    <ClInclude Include="Source\ProjectileHoming.h">
      <Filter>Source\Character\Projectile</Filter>
    </ClInclude>
    <ClInclude Include="Source\Projectile.h">
      <Filter>Source\Character\Projectile</Filter>
    </ClInclude>
    <ClInclude Include="Source\EnemyBOSS.h">
      <Filter>Source\Character\Enemy</Filter>
    </ClInclude>
    <ClInclude Include="Source\EnemyManager.h">
      <Filter>Source\Character\Enemy</Filter>
    </ClInclude>
    <ClInclude Include="Source\Enemy.h">
      <Filter>Source\Character\Enemy</Filter>
    </ClInclude>
    <ClInclude Include="Source\PlayerManager.h">
      <Filter>Source\Character\Player</Filter>
    </ClInclude>
    <ClInclude Include="Source\Player.h">
      <Filter>Source\Character\Player</Filter>
    </ClInclude>
    <ClInclude Include="Source\Scene.h">
      <Filter>Source\Scene</Filter>
    </ClInclude>
    <ClInclude Include="Source\SceneClear.h">
      <Filter>Source\Scene</Filter>
    </ClInclude>
    <ClInclude Include="Source\SceneGame.h">
      <Filter>Source\Scene</Filter>
    </ClInclude>
    <ClInclude Include="Source\SceneGameOver.h">
      <Filter>Source\Scene</Filter>
    </ClInclude>
    <ClInclude Include="Source\SceneLoading.h">
      <Filter>Source\Scene</Filter>
    </ClInclude>
    <ClInclude Include="Source\Scenemanager.h">
      <Filter>Source\Scene</Filter>
    </ClInclude>
    <ClInclude Include="Source\SceneTitle.h">
      <Filter>Source\Scene</Filter>
    </ClInclude>
    <ClInclude Include="Source\Framework.h">
      <Filter>Source\System</Filter>
    </ClInclude>
    <ClInclude Include="Source\HighResolutionTimer.h">
      <Filter>Source\System</Filter>
    </ClInclude>
    <ClInclude Include="Source\Logger.h">
      <Filter>Source\System</Filter>
    </ClInclude>
    <ClInclude Include="Source\Mathf.h">
      <Filter>Source\System</Filter>
    </ClInclude>
    <ClInclude Include="Source\Misc.h">
      <Filter>Source\System</Filter>
    </ClInclude>
    <ClInclude Include="Source\StageManager.h">
      <Filter>Source\Stage</Filter>
    </ClInclude>
    <ClInclude Include="Source\StageMain.h">
      <Filter>Source\Stage</Filter>
    </ClInclude>
    <ClInclude Include="Source\Stage.h">
      <Filter>Source\Stage</Filter>
    </ClInclude>
    <ClInclude Include="Source\Item.h">
      <Filter>Source\Item</Filter>
    </ClInclude>
    <ClInclude Include="Source\ItemManager.h">
      <Filter>Source\Item</Filter>
    </ClInclude>
    <ClInclude Include="Source\ItemHealing.h">
      <Filter>Source\Item</Filter>
    </ClInclude>
    <ClInclude Include="Source\ItemBoost.h">
      <Filter>Source\Item</Filter>
    </ClInclude>
    <ClInclude Include="Source\CameraController.h">
      <Filter>Source\System\Camera</Filter>
    </ClInclude>
    <ClInclude Include="Source\Camera.h">
      <Filter>Source\System\Camera</Filter>
    </ClInclude>
    <ClInclude Include="Source\EffectManager.h">
      <Filter>Source\System\Effect</Filter>
    </ClInclude>
    <ClInclude Include="Source\Effect.h">
      <Filter>Source\System\Effect</Filter>
    </ClInclude>
    <ClInclude Include="Source\LightManager.h">
      <Filter>Source\System\Light</Filter>
    </ClInclude>
    <ClInclude Include="Source\Light.h">
      <Filter>Source\System\Light</Filter>
    </ClInclude>
    <ClInclude Include="Source\Collision.h">
      <Filter>Source\System\Other</Filter>
    </ClInclude>
    <ClInclude Include="Source\ResourceManager.h">
      <Filter>Source\System\Other</Filter>
    </ClInclude>
    <ClInclude Include="Source\UI.h">
      <Filter>Source\System\Other</Filter>
    </ClInclude>
    <ClInclude Include="Source\PostprocessingRenderer.h">
      <Filter>Source\System\Other</Filter>
    </ClInclude>
    <ClInclude Include="Source\PlayerDual.h">
      <Filter>Source\Character\Player</Filter>
    </ClInclude>
    <ClInclude Include="Source\PlayerGreat.h">
      <Filter>Source\Character\Player</Filter>
    </ClInclude>
    <ClInclude Include="Source\PlayerGun.h">
      <Filter>Source\Character\Player</Filter>
    </ClInclude>
    <ClInclude Include="Source\EventData.h">
      <Filter>Source\Event</Filter>
    </ClInclude>
    <ClInclude Include="Source\EventPointManager.h">
      <Filter>Source\Event</Filter>
    </ClInclude>
    <ClInclude Include="Source\Messenger.h">
      <Filter>Source\Event</Filter>
    </ClInclude>
    <ClInclude Include="Source\MessageData.h">
      <Filter>Source\Event</Filter>
    </ClInclude>
    <ClInclude Include="Source\EventScripter.h">
      <Filter>Source\Event</Filter>
    </ClInclude>
    <ClInclude Include="Source\EnemySkillGunRock.h">
      <Filter>Source\Character\Enemy\Gun</Filter>
    </ClInclude>
    <ClInclude Include="Source\EnemySkillGunHoming.h">
      <Filter>Source\Character\Enemy\Gun</Filter>
    </ClInclude>
    <ClInclude Include="Source\EnemySkillGunCharge.h">
      <Filter>Source\Character\Enemy\Gun</Filter>
    </ClInclude>
    <ClInclude Include="Source\EnemySkillGunArea.h">
      <Filter>Source\Character\Enemy\Gun</Filter>
    </ClInclude>
    <ClInclude Include="Source\EnemySkillGun.h">
      <Filter>Source\Character\Enemy\Gun</Filter>
    </ClInclude>
    <ClInclude Include="Source\EnemeyNormalGun.h">
      <Filter>Source\Character\Enemy\Gun</Filter>
    </ClInclude>
    <ClInclude Include="Source\Weapon.h">
      <Filter>Source\Character</Filter>
    </ClInclude>
    <ClInclude Include="Source\PlayerMaster.h">
      <Filter>Source\Character\Player</Filter>
    </ClInclude>
    <ClInclude Include="Source\SwordTrailScene.h">
      <Filter>Source\Other</Filter>
    </ClInclude>
    <ClInclude Include="resource.h">
      <Filter>Source\Other</Filter>
    </ClInclude>
    <ClInclude Include="Source\RenderState.h">
      <Filter>Source\Other</Filter>
    </ClInclude>
    <ClInclude Include="Source\Graphics\PrimitiveRenderer.h">
      <Filter>Source\Other</Filter>
    </ClInclude>
    <ClInclude Include="Source\Graphics\GpuResourceUtils.h">
      <Filter>Source\Other</Filter>
    </ClInclude>
    <ClInclude Include="Source\Graphics\GaussianBlurShader.h">
      <Filter>Source\Graphics</Filter>
    </ClInclude>
    <ClInclude Include="Source\Graphics\LuminanceExtractionShader.h">
      <Filter>Source\Graphics</Filter>
    </ClInclude>
  </ItemGroup>
  <ItemGroup>
    <ClCompile Include="External\imgui\imgui.cpp">
      <Filter>External\imgui</Filter>
    </ClCompile>
    <ClCompile Include="External\imgui\imgui_demo.cpp">
      <Filter>External\imgui</Filter>
    </ClCompile>
    <ClCompile Include="External\imgui\imgui_draw.cpp">
      <Filter>External\imgui</Filter>
    </ClCompile>
    <ClCompile Include="External\imgui\imgui_widgets.cpp">
      <Filter>External\imgui</Filter>
    </ClCompile>
    <ClCompile Include="External\DirectXTex\WICTextureLoader.cpp">
      <Filter>External\DirectXTex</Filter>
    </ClCompile>
    <ClCompile Include="Source\Input\GamePad.cpp">
      <Filter>Source\Input</Filter>
    </ClCompile>
    <ClCompile Include="Source\Graphics\DebugRenderer.cpp">
      <Filter>Source\Graphics</Filter>
    </ClCompile>
    <ClCompile Include="Source\Graphics\Graphics.cpp">
      <Filter>Source\Graphics</Filter>
    </ClCompile>
    <ClCompile Include="Source\Graphics\ImGuiRenderer.cpp">
      <Filter>Source\Graphics</Filter>
    </ClCompile>
    <ClCompile Include="Source\Graphics\DefaultModelShader.cpp">
      <Filter>Source\Graphics</Filter>
    </ClCompile>
    <ClCompile Include="Source\Graphics\Model.cpp">
      <Filter>Source\Graphics</Filter>
    </ClCompile>
    <ClCompile Include="Source\Graphics\ModelResource.cpp">
      <Filter>Source\Graphics</Filter>
    </ClCompile>
    <ClCompile Include="Source\Input\Input.cpp">
      <Filter>Source\Input</Filter>
    </ClCompile>
    <ClCompile Include="Source\Graphics\LineRenderer.cpp">
      <Filter>Source\Graphics</Filter>
    </ClCompile>
    <ClCompile Include="Source\Graphics\Sprite.cpp">
      <Filter>Source\Graphics</Filter>
    </ClCompile>
    <ClCompile Include="Source\Input\Mouse.cpp">
      <Filter>Source\Input</Filter>
    </ClCompile>
    <ClCompile Include="Source\Graphics\Texture.cpp">
      <Filter>Source\Graphics</Filter>
    </ClCompile>
    <ClCompile Include="Source\Graphics\DefaultSpriteShader.cpp">
      <Filter>Source\Graphics</Filter>
    </ClCompile>
    <ClCompile Include="Source\Graphics\ToonShader.cpp">
      <Filter>Source\Graphics</Filter>
    </ClCompile>
    <ClCompile Include="Source\Graphics\ColorGradingShader.cpp">
      <Filter>Source\Graphics</Filter>
    </ClCompile>
    <ClCompile Include="Source\Graphics\RenderTarget.cpp">
      <Filter>Source\Graphics</Filter>
    </ClCompile>
    <ClCompile Include="Source\Graphics\FinalpassShader.cpp">
      <Filter>Source\Graphics</Filter>
    </ClCompile>
    <ClCompile Include="Source\Graphics\ShadowmapCasterShader.cpp">
      <Filter>Source\Graphics</Filter>
    </ClCompile>
    <ClCompile Include="Source\Graphics\DepthStencil.cpp">
      <Filter>Source\Graphics</Filter>
    </ClCompile>
    <ClCompile Include="Source\Audio\Audio.cpp">
      <Filter>Source\Audio</Filter>
    </ClCompile>
    <ClCompile Include="Source\Audio\AudioResource.cpp">
      <Filter>Source\Audio</Filter>
    </ClCompile>
    <ClCompile Include="Source\Audio\AudioSource.cpp">
      <Filter>Source\Audio</Filter>
    </ClCompile>
    <ClCompile Include="Source\Character.cpp">
      <Filter>Source\Character</Filter>
    </ClCompile>
    <ClCompile Include="Source\ProjectileStraite.cpp">
      <Filter>Source\Character\Projectile</Filter>
    </ClCompile>
    <ClCompile Include="Source\ProjectileManager.cpp">
      <Filter>Source\Character\Projectile</Filter>
    </ClCompile>
    <ClCompile Include="Source\ProjectileHoming.cpp">
      <Filter>Source\Character\Projectile</Filter>
    </ClCompile>
    <ClCompile Include="Source\Projectile.cpp">
      <Filter>Source\Character\Projectile</Filter>
    </ClCompile>
    <ClCompile Include="Source\EnemyBOSS.cpp">
      <Filter>Source\Character\Enemy</Filter>
    </ClCompile>
    <ClCompile Include="Source\EnemyManager.cpp">
      <Filter>Source\Character\Enemy</Filter>
    </ClCompile>
    <ClCompile Include="Source\Enemy.cpp">
      <Filter>Source\Character\Enemy</Filter>
    </ClCompile>
    <ClCompile Include="Source\PlayerManager.cpp">
      <Filter>Source\Character\Player</Filter>
    </ClCompile>
    <ClCompile Include="Source\Player.cpp">
      <Filter>Source\Character\Player</Filter>
    </ClCompile>
    <ClCompile Include="Source\SceneClear.cpp">
      <Filter>Source\Scene</Filter>
    </ClCompile>
    <ClCompile Include="Source\SceneGame.cpp">
      <Filter>Source\Scene</Filter>
    </ClCompile>
    <ClCompile Include="Source\SceneGameOver.cpp">
      <Filter>Source\Scene</Filter>
    </ClCompile>
    <ClCompile Include="Source\SceneLoading.cpp">
      <Filter>Source\Scene</Filter>
    </ClCompile>
    <ClCompile Include="Source\SceneManager.cpp">
      <Filter>Source\Scene</Filter>
    </ClCompile>
    <ClCompile Include="Source\SceneTitle.cpp">
      <Filter>Source\Scene</Filter>
    </ClCompile>
    <ClCompile Include="Source\Framework.cpp">
      <Filter>Source\System</Filter>
    </ClCompile>
    <ClCompile Include="Source\Logger.cpp">
      <Filter>Source\System</Filter>
    </ClCompile>
    <ClCompile Include="Source\Main.cpp">
      <Filter>Source\System</Filter>
    </ClCompile>
    <ClCompile Include="Source\Mathf.cpp">
      <Filter>Source\System</Filter>
    </ClCompile>
    <ClCompile Include="Source\StageManager.cpp">
      <Filter>Source\Stage</Filter>
    </ClCompile>
    <ClCompile Include="Source\StageMain.cpp">
      <Filter>Source\Stage</Filter>
    </ClCompile>
    <ClCompile Include="Source\Stage.cpp">
      <Filter>Source\Stage</Filter>
    </ClCompile>
    <ClCompile Include="Source\Item.cpp">
      <Filter>Source\Item</Filter>
    </ClCompile>
    <ClCompile Include="Source\ItemManager.cpp">
      <Filter>Source\Item</Filter>
    </ClCompile>
    <ClCompile Include="Source\ItemHealing.cpp">
      <Filter>Source\Item</Filter>
    </ClCompile>
    <ClCompile Include="Source\ItemBoost.cpp">
      <Filter>Source\Item</Filter>
    </ClCompile>
    <ClCompile Include="Source\CameraController.cpp">
      <Filter>Source\System\Camera</Filter>
    </ClCompile>
    <ClCompile Include="Source\Camera.cpp">
      <Filter>Source\System\Camera</Filter>
    </ClCompile>
    <ClCompile Include="Source\EffectManager.cpp">
      <Filter>Source\System\Effect</Filter>
    </ClCompile>
    <ClCompile Include="Source\Effect.cpp">
      <Filter>Source\System\Effect</Filter>
    </ClCompile>
    <ClCompile Include="Source\LightManager.cpp">
      <Filter>Source\System\Light</Filter>
    </ClCompile>
    <ClCompile Include="Source\Light.cpp">
      <Filter>Source\System\Light</Filter>
    </ClCompile>
    <ClCompile Include="Source\Collision.cpp">
      <Filter>Source\System\Other</Filter>
    </ClCompile>
    <ClCompile Include="Source\UI.cpp">
      <Filter>Source\System\Other</Filter>
    </ClCompile>
    <ClCompile Include="Source\ResourceManager.cpp">
      <Filter>Source\System\Other</Filter>
    </ClCompile>
    <ClCompile Include="Source\PostprocessingRenderer.cpp">
      <Filter>Source\System\Other</Filter>
    </ClCompile>
    <ClCompile Include="Source\PlayerGun.cpp">
      <Filter>Source\Character\Player</Filter>
    </ClCompile>
    <ClCompile Include="Source\PlayerGreat.cpp">
      <Filter>Source\Character\Player</Filter>
    </ClCompile>
    <ClCompile Include="Source\PlayerDual.cpp">
      <Filter>Source\Character\Player</Filter>
    </ClCompile>
    <ClCompile Include="Source\EventData.cpp">
      <Filter>Source\Event</Filter>
    </ClCompile>
    <ClCompile Include="Source\EventPointManager.cpp">
      <Filter>Source\Event</Filter>
    </ClCompile>
    <ClCompile Include="Source\Messenger.cpp">
      <Filter>Source\Event</Filter>
    </ClCompile>
    <ClCompile Include="Source\EventScripter.cpp">
      <Filter>Source\Event</Filter>
    </ClCompile>
    <ClCompile Include="Source\EnemySkillGunRock.cpp">
      <Filter>Source\Character\Enemy\Gun</Filter>
    </ClCompile>
    <ClCompile Include="Source\EnemySkillGunCharge.cpp">
      <Filter>Source\Character\Enemy\Gun</Filter>
    </ClCompile>
    <ClCompile Include="Source\EnemySkillGunHoming.cpp">
      <Filter>Source\Character\Enemy\Gun</Filter>
    </ClCompile>
    <ClCompile Include="Source\EnemySkillGunArea.cpp">
      <Filter>Source\Character\Enemy\Gun</Filter>
    </ClCompile>
    <ClCompile Include="Source\EnemySkillGun.cpp">
      <Filter>Source\Character\Enemy\Gun</Filter>
    </ClCompile>
    <ClCompile Include="Source\EnemeyNormalGun.cpp">
      <Filter>Source\Character\Enemy\Gun</Filter>
    </ClCompile>
    <ClCompile Include="Source\Weapon.cpp">
      <Filter>Source\Character</Filter>
    </ClCompile>
    <ClCompile Include="Source\PlayerMaster.cpp">
      <Filter>Source\Character\Player</Filter>
    </ClCompile>
    <ClCompile Include="Source\Graphics\GpuResourceUtils.cpp">
      <Filter>Source\Other</Filter>
    </ClCompile>
    <ClCompile Include="Source\RenderState.cpp">
      <Filter>Source\Other</Filter>
    </ClCompile>
    <ClCompile Include="Source\Graphics\GaussianBlurShader.cpp">
      <Filter>Source\Graphics</Filter>
    </ClCompile>
    <ClCompile Include="Source\Graphics\LuminanceExtractionShader.cpp">
      <Filter>Source\Graphics</Filter>
    </ClCompile>
  </ItemGroup>
  <ItemGroup>
    <None Include="HLSL\Debug.hlsli">
      <Filter>HLSL</Filter>
    </None>
    <None Include="HLSL\ImGui.hlsli">
      <Filter>HLSL</Filter>
    </None>
    <None Include="HLSL\DefaultModel.hlsli">
      <Filter>HLSL</Filter>
    </None>
    <None Include="HLSL\Line.hlsli">
      <Filter>HLSL</Filter>
    </None>
    <None Include="HLSL\Sprite.hlsli">
      <Filter>HLSL</Filter>
    </None>
    <None Include="HLSL\Light.hlsli">
      <Filter>HLSL</Filter>
    </None>
    <None Include="HLSL\FilterFunctions.hlsli">
      <Filter>HLSL</Filter>
    </None>
    <None Include="HLSL\ColorGrading.hlsli">
      <Filter>HLSL</Filter>
    </None>
    <None Include="HLSL\Finalpass.hlsli">
      <Filter>HLSL</Filter>
    </None>
    <None Include="HLSL\ShadowmapCaster.hlsli">
      <Filter>HLSL</Filter>
    </None>
    <None Include="HLSL\ShadowmapFunctions.hlsli">
      <Filter>HLSL</Filter>
    </None>
    <None Include="HLSL\Toon.hlsli">
      <Filter>HLSL</Filter>
    </None>
    <None Include="HLSL\Outline.hlsli">
      <Filter>HLSL</Filter>
    </None>
    <None Include="HLSL\PrimitiveRenderer.hlsli">
      <Filter>HLSL</Filter>
    </None>
    <None Include="HLSL\GaussianBlur.hlsli">
      <Filter>HLSL</Filter>
    </None>
    <None Include="HLSL\LuminanceExtraction.hlsli">
      <Filter>HLSL</Filter>
    </None>
  </ItemGroup>
  <ItemGroup>
    <FxCompile Include="HLSL\DebugPS.hlsl">
      <Filter>HLSL</Filter>
    </FxCompile>
    <FxCompile Include="HLSL\DebugVS.hlsl">
      <Filter>HLSL</Filter>
    </FxCompile>
    <FxCompile Include="HLSL\ImGuiPS.hlsl">
      <Filter>HLSL</Filter>
    </FxCompile>
    <FxCompile Include="HLSL\ImGuiVS.hlsl">
      <Filter>HLSL</Filter>
    </FxCompile>
    <FxCompile Include="HLSL\DefaultModelPS.hlsl">
      <Filter>HLSL</Filter>
    </FxCompile>
    <FxCompile Include="HLSL\DefaultModelVS.hlsl">
      <Filter>HLSL</Filter>
    </FxCompile>
    <FxCompile Include="HLSL\LineVS.hlsl">
      <Filter>HLSL</Filter>
    </FxCompile>
    <FxCompile Include="HLSL\LinePS.hlsl">
      <Filter>HLSL</Filter>
    </FxCompile>
    <FxCompile Include="HLSL\SpriteVS.hlsl">
      <Filter>HLSL</Filter>
    </FxCompile>
    <FxCompile Include="HLSL\SpritePS.hlsl">
      <Filter>HLSL</Filter>
    </FxCompile>
    <FxCompile Include="HLSL\ColorGradingVS.hlsl">
      <Filter>HLSL</Filter>
    </FxCompile>
    <FxCompile Include="HLSL\ColorGradingPS.hlsl">
      <Filter>HLSL</Filter>
    </FxCompile>
    <FxCompile Include="HLSL\FinalpassVS.hlsl">
      <Filter>HLSL</Filter>
    </FxCompile>
    <FxCompile Include="HLSL\FinalpassPS.hlsl">
      <Filter>HLSL</Filter>
    </FxCompile>
    <FxCompile Include="HLSL\ShadowmapCasterVS.hlsl">
      <Filter>HLSL</Filter>
    </FxCompile>
    <FxCompile Include="HLSL\ToonExPS.hlsl">
      <Filter>HLSL</Filter>
    </FxCompile>
    <FxCompile Include="HLSL\ToonPS.hlsl">
      <Filter>HLSL</Filter>
    </FxCompile>
    <FxCompile Include="HLSL\ToonVS.hlsl">
      <Filter>HLSL</Filter>
    </FxCompile>
    <FxCompile Include="HLSL\OutlineVS.hlsl">
      <Filter>HLSL</Filter>
    </FxCompile>
    <FxCompile Include="HLSL\OutlinePS.hlsl">
      <Filter>HLSL</Filter>
    </FxCompile>
    <FxCompile Include="HLSL\GaussianBlurPS.hlsl">
      <Filter>HLSL</Filter>
    </FxCompile>
    <FxCompile Include="HLSL\GaussianBlurVS.hlsl">
      <Filter>HLSL</Filter>
    </FxCompile>
    <FxCompile Include="HLSL\LuminanceExtractionPS.hlsl">
      <Filter>HLSL</Filter>
    </FxCompile>
    <FxCompile Include="HLSL\LuminanceExtractionVS.hlsl">
      <Filter>HLSL</Filter>
    </FxCompile>
  </ItemGroup>
  <ItemGroup>
    <ResourceCompile Include="Game.rc">
      <Filter>External</Filter>
    </ResourceCompile>
  </ItemGroup>
  <ItemGroup>
    <Image Include="Data\Icon\Icon.ico">
      <Filter>External</Filter>
    </Image>
  </ItemGroup>
</Project>